
Microsoft Visual Studio Solution File, Format Version 12.00
# Visual Studio Version 16
VisualStudioVersion = 16.0.31729.503
MinimumVisualStudioVersion = 10.0.40219.1
Project("{FAE04EC0-301F-11D3-BF4B-00C04F79EFBC}") = "图片上传与下载", "图片上传与下载\图片上传与下载.csproj", "{7933D1AA-9BB1-4FD3-A916-E07B169552FB}"
EndProject
Project("{FAE04EC0-301F-11D3-BF4B-00C04F79EFBC}") = "WebApplication1", "WebApplication1\WebApplication1.csproj", "{FDCEE314-98DD-45BC-8DA5-4416327CBB06}"
EndProject
Global
	GlobalSection(SolutionConfigurationPlatforms) = preSolution
		Debug|Any CPU = Debug|Any CPU
		Release|Any CPU = Release|Any CPU
	EndGlobalSection
	GlobalSection(ProjectConfigurationPlatforms) = postSolution
		{7933D1AA-9BB1-4FD3-A916-E07B169552FB}.Debug|Any CPU.ActiveCfg = Debug|Any CPU
		{7933D1AA-9BB1-4FD3-A916-E07B169552FB}.Debug|Any CPU.Build.0 = Debug|Any CPU
		{7933D1AA-9BB1-4FD3-A916-E07B169552FB}.Release|Any CPU.ActiveCfg = Release|Any CPU
		{7933D1AA-9BB1-4FD3-A916-E07B169552FB}.Release|Any CPU.Build.0 = Release|Any CPU
		{FDCEE314-98DD-45BC-8DA5-4416327CBB06}.Debug|Any CPU.ActiveCfg = Debug|Any CPU
		{FDCEE314-98DD-45BC-8DA5-4416327CBB06}.Debug|Any CPU.Build.0 = Debug|Any CPU
		{FDCEE314-98DD-45BC-8DA5-4416327CBB06}.Release|Any CPU.ActiveCfg = Release|Any CPU
		{FDCEE314-98DD-45BC-8DA5-4416327CBB06}.Release|Any CPU.Build.0 = Release|Any CPU
	EndGlobalSection
	GlobalSection(SolutionProperties) = preSolution
		HideSolutionNode = FALSE
	EndGlobalSection
	GlobalSection(ExtensibilityGlobals) = postSolution
		SolutionGuid = {6E87CEEF-9461-4797-B7B8-BAB61D73EE6A}
	EndGlobalSection
EndGlobal
